
Microsoft Visual Studio Solution File, Format Version 12.00
# Visual Studio Version 16
VisualStudioVersion = 16.0.29409.12
MinimumVisualStudioVersion = 10.0.40219.1
Project("{FAE04EC0-301F-11D3-BF4B-00C04F79EFBC}") = "TCPServer", "TCPServer.csproj", "{3E81343F-061D-4722-B2EF-649A0A4928CA}"
EndProject
Global
	GlobalSection(SolutionConfigurationPlatforms) = preSolution
		Debug|Any CPU = Debug|Any CPU
		Release|Any CPU = Release|Any CPU
	EndGlobalSection
	GlobalSection(ProjectConfigurationPlatforms) = postSolution
		{3E81343F-061D-4722-B2EF-649A0A4928CA}.Debug|Any CPU.ActiveCfg = Debug|Any CPU
		{3E81343F-061D-4722-B2EF-649A0A4928CA}.Debug|Any CPU.Build.0 = Debug|Any CPU
		{3E81343F-061D-4722-B2EF-649A0A4928CA}.Release|Any CPU.ActiveCfg = Release|Any CPU
		{3E81343F-061D-4722-B2EF-649A0A4928CA}.Release|Any CPU.Build.0 = Release|Any CPU
	EndGlobalSection
	GlobalSection(SolutionProperties) = preSolution
		HideSolutionNode = FALSE
	EndGlobalSection
	GlobalSection(ExtensibilityGlobals) = postSolution
		SolutionGuid = {A1A056D7-5AE1-4044-A028-8E3892BFD193}
	EndGlobalSection
EndGlobal
